{
  "name": "littlejstest",
  "version": "1.0.0",
  "lockfileVersion": 3,
  "requires": true,
  "packages": {
    "": {
      "name": "littlejstest",
      "version": "1.0.0",
      "license": "ISC",
      "dependencies": {
        "littlejsengine": "^1.10.4"
      }
    },
    "node_modules/littlejsengine": {
      "version": "1.10.4",
      "resolved": "https://registry.npmjs.org/littlejsengine/-/littlejsengine-1.10.4.tgz",
      "integrity": "sha512-+QgzkdkHZV0LVA4YfDAIaiUx86nWhq2LBsvRpBEqgciGzO/30V8R4VZMhg5GfD4ugJQc0Fs0ONP7QosydMChLA=="
    }
  }
}
